// !$*UTF8*$!
{
	archiveVersion = 1;
	classes = {
	};
	objectVersion = 50;
	objects = {

/* Begin PBXBuildFile section */
		2DD138BA2771A0D700FADA18 /* AppDelegate.swift in Sources */ = {isa = PBXBuildFile; fileRef = 2DD138B92771A0D700FADA18 /* AppDelegate.swift */; };
		2DD138BC2771A0D700FADA18 /* SceneDelegate.swift in Sources */ = {isa = PBXBuildFile; fileRef = 2DD138BB2771A0D700FADA18 /* SceneDelegate.swift */; };
		2DD138BE2771A0D700FADA18 /* ViewController.swift in Sources */ = {isa = PBXBuildFile; fileRef = 2DD138BD2771A0D700FADA18 /* ViewController.swift */; };
		2DD138C12771A0D700FADA18 /* Main.storyboard in Resources */ = {isa = PBXBuildFile; fileRef = 2DD138BF2771A0D700FADA18 /* Main.storyboard */; };
		2DD138C32771A0D800FADA18 /* Assets.xcassets in Resources */ = {isa = PBXBuildFile; fileRef = 2DD138C22771A0D800FADA18 /* Assets.xcassets */; };
		2DD138C62771A0D800FADA18 /* LaunchScreen.storyboard in Resources */ = {isa = PBXBuildFile; fileRef = 2DD138C42771A0D800FADA18 /* LaunchScreen.storyboard */; };
		2DD138D12771A0D800FADA18 /* HahasTests.swift in Sources */ = {isa = PBXBuildFile; fileRef = 2DD138D02771A0D800FADA18 /* HahasTests.swift */; };
		2DD138DC2771A0D800FADA18 /* HahasUITests.swift in Sources */ = {isa = PBXBuildFile; fileRef = 2DD138DB2771A0D800FADA18 /* HahasUITests.swift */; };
/* End PBXBuildFile section */

/* Begin PBXContainerItemProxy section */
		2DD138CD2771A0D800FADA18 /* PBXContainerItemProxy */ = {
			isa = PBXContainerItemProxy;
			containerPortal = 2DD138AE2771A0D700FADA18 /* Project object */;
			proxyType = 1;
			remoteGlobalIDString = 2DD138B52771A0D700FADA18;
			remoteInfo = Hahas;
		};
		2DD138D82771A0D800FADA18 /* PBXContainerItemProxy */ = {
			isa = PBXContainerItemProxy;
			containerPortal = 2DD138AE2771A0D700FADA18 /* Project object */;
			proxyType = 1;
			remoteGlobalIDString = 2DD138B52771A0D700FADA18;
			remoteInfo = Hahas;
		};
/* End PBXContainerItemProxy section */

/* Begin PBXFileReference section */
		2DD138B62771A0D700FADA18 /* Hahas.app */ = {isa = PBXFileReference; explicitFileType = wrapper.application; includeInIndex = 0; path = Hahas.app; sourceTree = BUILT_PRODUCTS_DIR; };
		2DD138B92771A0D700FADA18 /* AppDelegate.swift */ = {isa = PBXFileReference; lastKnownFileType = sourcecode.swift; path = AppDelegate.swift; sourceTree = "<group>"; };
		2DD138BB2771A0D700FADA18 /* SceneDelegate.swift */ = {isa = PBXFileReference; lastKnownFileType = sourcecode.swift; path = SceneDelegate.swift; sourceTree = "<group>"; };
		2DD138BD2771A0D700FADA18 /* ViewController.swift */ = {isa = PBXFileReference; lastKnownFileType = sourcecode.swift; path = ViewController.swift; sourceTree = "<group>"; };
		2DD138C02771A0D700FADA18 /* Base */ = {isa = PBXFileReference; lastKnownFileType = file.storyboard; name = Base; path = Base.lproj/Main.storyboard; sourceTree = "<group>"; };
		2DD138C22771A0D800FADA18 /* Assets.xcassets */ = {isa = PBXFileReference; lastKnownFileType = folder.assetcatalog; path = Assets.xcassets; sourceTree = "<group>"; };
		2DD138C52771A0D800FADA18 /* Base */ = {isa = PBXFileReference; lastKnownFileType = file.storyboard; name = Base; path = Base.lproj/LaunchScreen.storyboard; sourceTree = "<group>"; };
		2DD138C72771A0D800FADA18 /* Info.plist */ = {isa = PBXFileReference; lastKnownFileType = text.plist.xml; path = Info.plist; sourceTree = "<group>"; };
		2DD138CC2771A0D800FADA18 /* HahasTests.xctest */ = {isa = PBXFileReference; explicitFileType = wrapper.cfbundle; includeInIndex = 0; path = HahasTests.xctest; sourceTree = BUILT_PRODUCTS_DIR; };
		2DD138D02771A0D800FADA18 /* HahasTests.swift */ = {isa = PBXFileReference; lastKnownFileType = sourcecode.swift; path = HahasTests.swift; sourceTree = "<group>"; };
		2DD138D22771A0D800FADA18 /* Info.plist */ = {isa = PBXFileReference; lastKnownFileType = text.plist.xml; path = Info.plist; sourceTree = "<group>"; };
		2DD138D72771A0D800FADA18 /* HahasUITests.xctest */ = {isa = PBXFileReference; explicitFileType = wrapper.cfbundle; includeInIndex = 0; path = HahasUITests.xctest; sourceTree = BUILT_PRODUCTS_DIR; };
		2DD138DB2771A0D800FADA18 /* HahasUITests.swift */ = {isa = PBXFileReference; lastKnownFileType = sourcecode.swift; path = HahasUITests.swift; sourceTree = "<group>"; };
		2DD138DD2771A0D800FADA18 /* Info.plist */ = {isa = PBXFileReference; lastKnownFileType = text.plist.xml; path = Info.plist; sourceTree = "<group>"; };
/* End PBXFileReference section */

/* Begin PBXFrameworksBuildPhase section */
		2DD138B32771A0D700FADA18 /* Frameworks */ = {
			isa = PBXFrameworksBuildPhase;
			buildActionMask = 2147483647;
			files = (
			);
			runOnlyForDeploymentPostprocessing = 0;
		};
		2DD138C92771A0D800FADA18 /* Frameworks */ = {
			isa = PBXFrameworksBuildPhase;
			buildActionMask = 2147483647;
			files = (
			);
			runOnlyForDeploymentPostprocessing = 0;
		};
		2DD138D42771A0D800FADA18 /* Frameworks */ = {
			isa = PBXFrameworksBuildPhase;
			buildActionMask = 2147483647;
			files = (
			);
			runOnlyForDeploymentPostprocessing = 0;
		};
/* End PBXFrameworksBuildPhase section */

/* Begin PBXGroup section */
		2DD138AD2771A0D700FADA18 = {
			isa = PBXGroup;
			children = (
				2DD138B82771A0D700FADA18 /* Hahas */,
				2DD138CF2771A0D800FADA18 /* HahasTests */,
				2DD138DA2771A0D800FADA18 /* HahasUITests */,
				2DD138B72771A0D700FADA18 /* Products */,
			);
			sourceTree = "<group>";
		};
		2DD138B72771A0D700FADA18 /* Products */ = {
			isa = PBXGroup;
			children = (
				2DD138B62771A0D700FADA18 /* Hahas.app */,
				2DD138CC2771A0D800FADA18 /* HahasTests.xctest */,
				2DD138D72771A0D800FADA18 /* HahasUITests.xctest */,
			);
			name = Products;
			sourceTree = "<group>";
		};
		2DD138B82771A0D700FADA18 /* Hahas */ = {
			isa = PBXGroup;
			children = (
				2DD138B92771A0D700FADA18 /* AppDelegate.swift */,
				2DD138BB2771A0D700FADA18 /* SceneDelegate.swift */,
				2DD138BD2771A0D700FADA18 /* ViewController.swift */,
				2DD138BF2771A0D700FADA18 /* Main.storyboard */,
				2DD138C22771A0D800FADA18 /* Assets.xcassets */,
				2DD138C42771A0D800FADA18 /* LaunchScreen.storyboard */,
				2DD138C72771A0D800FADA18 /* Info.plist */,
			);
			path = Hahas;
			sourceTree = "<group>";
		};
		2DD138CF2771A0D800FADA18 /* HahasTests */ = {
			isa = PBXGroup;
			children = (
				2DD138D02771A0D800FADA18 /* HahasTests.swift */,
				2DD138D22771A0D800FADA18 /* Info.plist */,
			);
			path = HahasTests;
			sourceTree = "<group>";
		};
		2DD138DA2771A0D800FADA18 /* HahasUITests */ = {
			isa = PBXGroup;
			children = (
				2DD138DB2771A0D800FADA18 /* HahasUITests.swift */,
				2DD138DD2771A0D800FADA18 /* Info.plist */,
			);
			path = HahasUITests;
			sourceTree = "<group>";
		};
/* End PBXGroup section */

/* Begin PBXNativeTarget section */
		2DD138B52771A0D700FADA18 /* Hahas */ = {
			isa = PBXNativeTarget;
			buildConfigurationList = 2DD138E02771A0D800FADA18 /* Build configuration list for PBXNativeTarget "Hahas" */;
			buildPhases = (
				2DD138B22771A0D700FADA18 /* Sources */,
				2DD138B32771A0D700FADA18 /* Frameworks */,
				2DD138B42771A0D700FADA18 /* Resources */,
			);
			buildRules = (
			);
			dependencies = (
			);
			name = Hahas;
			productName = Hahas;
			productReference = 2DD138B62771A0D700FADA18 /* Hahas.app */;
			productType = "com.apple.product-type.application";
		};
		2DD138CB2771A0D800FADA18 /* HahasTests */ = {
			isa = PBXNativeTarget;
			buildConfigurationList = 2DD138E32771A0D800FADA18 /* Build configuration list for PBXNativeTarget "HahasTests" */;
			buildPhases = (
				2DD138C82771A0D800FADA18 /* Sources */,
				2DD138C92771A0D800FADA18 /* Frameworks */,
				2DD138CA2771A0D800FADA18 /* Resources */,
			);
			buildRules = (
			);
			dependencies = (
				2DD138CE2771A0D800FADA18 /* PBXTargetDependency */,
			);
			name = HahasTests;
			productName = HahasTests;
			productReference = 2DD138CC2771A0D800FADA18 /* HahasTests.xctest */;
			productType = "com.apple.product-type.bundle.unit-test";
		};
		2DD138D62771A0D800FADA18 /* HahasUITests */ = {
			isa = PBXNativeTarget;
			buildConfigurationList = 2DD138E62771A0D800FADA18 /* Build configuration list for PBXNativeTarget "HahasUITests" */;
			buildPhases = (
				2DD138D32771A0D800FADA18 /* Sources */,
				2DD138D42771A0D800FADA18 /* Frameworks */,
				2DD138D52771A0D800FADA18 /* Resources */,
			);
			buildRules = (
			);
			dependencies = (
				2DD138D92771A0D800FADA18 /* PBXTargetDependency */,
			);
			name = HahasUITests;
			productName = HahasUITests;
			productReference = 2DD138D72771A0D800FADA18 /* HahasUITests.xctest */;
			productType = "com.apple.product-type.bundle.ui-testing";
		};
/* End PBXNativeTarget section */

/* Begin PBXProject section */
		2DD138AE2771A0D700FADA18 /* Project object */ = {
			isa = PBXProject;
			attributes = {
				LastSwiftUpdateCheck = 1240;
				LastUpgradeCheck = 1240;
				TargetAttributes = {
					2DD138B52771A0D700FADA18 = {
						CreatedOnToolsVersion = 12.4;
					};
					2DD138CB2771A0D800FADA18 = {
						CreatedOnToolsVersion = 12.4;
						TestTargetID = 2DD138B52771A0D700FADA18;
					};
					2DD138D62771A0D800FADA18 = {
						CreatedOnToolsVersion = 12.4;
						TestTargetID = 2DD138B52771A0D700FADA18;
					};
				};
			};
			buildConfigurationList = 2DD138B12771A0D700FADA18 /* Build configuration list for PBXProject "Hahas" */;
			compatibilityVersion = "Xcode 9.3";
			developmentRegion = en;
			hasScannedForEncodings = 0;
			knownRegions = (
				en,
				Base,
			);
			mainGroup = 2DD138AD2771A0D700FADA18;
			productRefGroup = 2DD138B72771A0D700FADA18 /* Products */;
			projectDirPath = "";
			projectRoot = "";
			targets = (
				2DD138B52771A0D700FADA18 /* Hahas */,
				2DD138CB2771A0D800FADA18 /* HahasTests */,
				2DD138D62771A0D800FADA18 /* HahasUITests */,
			);
		};
/* End PBXProject section */

/* Begin PBXResourcesBuildPhase section */
		2DD138B42771A0D700FADA18 /* Resources */ = {
			isa = PBXResourcesBuildPhase;
			buildActionMask = 2147483647;
			files = (
				2DD138C62771A0D800FADA18 /* LaunchScreen.storyboard in Resources */,
				2DD138C32771A0D800FADA18 /* Assets.xcassets in Resources */,
				2DD138C12771A0D700FADA18 /* Main.storyboard in Resources */,
			);
			runOnlyForDeploymentPostprocessing = 0;
		};
		2DD138CA2771A0D800FADA18 /* Resources */ = {
			isa = PBXResourcesBuildPhase;
			buildActionMask = 2147483647;
			files = (
			);
			runOnlyForDeploymentPostprocessing = 0;
		};
		2DD138D52771A0D800FADA18 /* Resources */ = {
			isa = PBXResourcesBuildPhase;
			buildActionMask = 2147483647;
			files = (
			);
			runOnlyForDeploymentPostprocessing = 0;
		};
/* End PBXResourcesBuildPhase section */

/* Begin PBXSourcesBuildPhase section */
		2DD138B22771A0D700FADA18 /* Sources */ = {
			isa = PBXSourcesBuildPhase;
			buildActionMask = 2147483647;
			files = (
				2DD138BE2771A0D700FADA18 /* ViewController.swift in Sources */,
				2DD138BA2771A0D700FADA18 /* AppDelegate.swift in Sources */,
				2DD138BC2771A0D700FADA18 /* SceneDelegate.swift in Sources */,
			);
			runOnlyForDeploymentPostprocessing = 0;
		};
		2DD138C82771A0D800FADA18 /* Sources */ = {
			isa = PBXSourcesBuildPhase;
			buildActionMask = 2147483647;
			files = (
				2DD138D12771A0D800FADA18 /* HahasTests.swift in Sources */,
			);
			runOnlyForDeploymentPostprocessing = 0;
		};
		2DD138D32771A0D800FADA18 /* Sources */ = {
			isa = PBXSourcesBuildPhase;
			buildActionMask = 2147483647;
			files = (
				2DD138DC2771A0D800FADA18 /* HahasUITests.swift in Sources */,
			);
			runOnlyForDeploymentPostprocessing = 0;
		};
/* End PBXSourcesBuildPhase section */

/* Begin PBXTargetDependency section */
		2DD138CE2771A0D800FADA18 /* PBXTargetDependency */ = {
			isa = PBXTargetDependency;
			target = 2DD138B52771A0D700FADA18 /* Hahas */;
			targetProxy = 2DD138CD2771A0D800FADA18 /* PBXContainerItemProxy */;
		};
		2DD138D92771A0D800FADA18 /* PBXTargetDependency */ = {
			isa = PBXTargetDependency;
			target = 2DD138B52771A0D700FADA18 /* Hahas */;
			targetProxy = 2DD138D82771A0D800FADA18 /* PBXContainerItemProxy */;
		};
/* End PBXTargetDependency section */

/* Begin PBXVariantGroup section */
		2DD138BF2771A0D700FADA18 /* Main.storyboard */ = {
			isa = PBXVariantGroup;
			children = (
				2DD138C02771A0D700FADA18 /* Base */,
			);
			name = Main.storyboard;
			sourceTree = "<group>";
		};
		2DD138C42771A0D800FADA18 /* LaunchScreen.storyboard */ = {
			isa = PBXVariantGroup;
			children = (
				2DD138C52771A0D800FADA18 /* Base */,
			);
			name = LaunchScreen.storyboard;
			sourceTree = "<group>";
		};
/* End PBXVariantGroup section */

/* Begin XCBuildConfiguration section */
		2DD138DE2771A0D800FADA18 /* Debug */ = {
			isa = XCBuildConfiguration;
			buildSettings = {
				ALWAYS_SEARCH_USER_PATHS = NO;
				CLANG_ANALYZER_NONNULL = YES;
				CLANG_ANALYZER_NUMBER_OBJECT_CONVERSION = YES_AGGRESSIVE;
				CLANG_CXX_LANGUAGE_STANDARD = "gnu++14";
				CLANG_CXX_LIBRARY = "libc++";
				CLANG_ENABLE_MODULES = YES;
				CLANG_ENABLE_OBJC_ARC = YES;
				CLANG_ENABLE_OBJC_WEAK = YES;
				CLANG_WARN_BLOCK_CAPTURE_AUTORELEASING = YES;
				CLANG_WARN_BOOL_CONVERSION = YES;
				CLANG_WARN_COMMA = YES;
				CLANG_WARN_CONSTANT_CONVERSION = YES;
				CLANG_WARN_DEPRECATED_OBJC_IMPLEMENTATIONS = YES;
				CLANG_WARN_DIRECT_OBJC_ISA_USAGE = YES_ERROR;
				CLANG_WARN_DOCUMENTATION_COMMENTS = YES;
				CLANG_WARN_EMPTY_BODY = YES;
				CLANG_WARN_ENUM_CONVERSION = YES;
				CLANG_WARN_INFINITE_RECURSION = YES;
				CLANG_WARN_INT_CONVERSION = YES;
				CLANG_WARN_NON_LITERAL_NULL_CONVERSION = YES;
				CLANG_WARN_OBJC_IMPLICIT_RETAIN_SELF = YES;
				CLANG_WARN_OBJC_LITERAL_CONVERSION = YES;
				CLANG_WARN_OBJC_ROOT_CLASS = YES_ERROR;
				CLANG_WARN_QUOTED_INCLUDE_IN_FRAMEWORK_HEADER = YES;
				CLANG_WARN_RANGE_LOOP_ANALYSIS = YES;
				CLANG_WARN_STRICT_PROTOTYPES = YES;
				CLANG_WARN_SUSPICIOUS_MOVE = YES;
				CLANG_WARN_UNGUARDED_AVAILABILITY = YES_AGGRESSIVE;
				CLANG_WARN_UNREACHABLE_CODE = YES;
				CLANG_WARN__DUPLICATE_METHOD_MATCH = YES;
				COPY_PHASE_STRIP = NO;
				DEBUG_INFORMATION_FORMAT = dwarf;
				ENABLE_STRICT_OBJC_MSGSEND = YES;
				ENABLE_TESTABILITY = YES;
				GCC_C_LANGUAGE_STANDARD = gnu11;
				GCC_DYNAMIC_NO_PIC = NO;
				GCC_NO_COMMON_BLOCKS = YES;
				GCC_OPTIMIZATION_LEVEL = 0;
				GCC_PREPROCESSOR_DEFINITIONS = (
					"DEBUG=1",
					"$(inherited)",
				);
				GCC_WARN_64_TO_32_BIT_CONVERSION = YES;
				GCC_WARN_ABOUT_RETURN_TYPE = YES_ERROR;
				GCC_WARN_UNDECLARED_SELECTOR = YES;
				GCC_WARN_UNINITIALIZED_AUTOS = YES_AGGRESSIVE;
				GCC_WARN_UNUSED_FUNCTION = YES;
				GCC_WARN_UNUSED_VARIABLE = YES;
				IPHONEOS_DEPLOYMENT_TARGET = 14.4;
				MTL_ENABLE_DEBUG_INFO = INCLUDE_SOURCE;
				MTL_FAST_MATH = YES;
				ONLY_ACTIVE_ARCH = YES;
				SDKROOT = iphoneos;
				SWIFT_ACTIVE_COMPILATION_CONDITIONS = DEBUG;
				SWIFT_OPTIMIZATION_LEVEL = "-Onone";
			};
			name = Debug;
		};
		2DD138DF2771A0D800FADA18 /* Release */ = {
			isa = XCBuildConfiguration;
			buildSettings = {
				ALWAYS_SEARCH_USER_PATHS = NO;
				CLANG_ANALYZER_NONNULL = YES;
				CLANG_ANALYZER_NUMBER_OBJECT_CONVERSION = YES_AGGRESSIVE;
				CLANG_CXX_LANGUAGE_STANDARD = "gnu++14";
				CLANG_CXX_LIBRARY = "libc++";
				CLANG_ENABLE_MODULES = YES;
				CLANG_ENABLE_OBJC_ARC = YES;
				CLANG_ENABLE_OBJC_WEAK = YES;
				CLANG_WARN_BLOCK_CAPTURE_AUTORELEASING = YES;
				CLANG_WARN_BOOL_CONVERSION = YES;
				CLANG_WARN_COMMA = YES;
				CLANG_WARN_CONSTANT_CONVERSION = YES;
				CLANG_WARN_DEPRECATED_OBJC_IMPLEMENTATIONS = YES;
				CLANG_WARN_DIRECT_OBJC_ISA_USAGE = YES_ERROR;
				CLANG_WARN_DOCUMENTATION_COMMENTS = YES;
				CLANG_WARN_EMPTY_BODY = YES;
				CLANG_WARN_ENUM_CONVERSION = YES;
				CLANG_WARN_INFINITE_RECURSION = YES;
				CLANG_WARN_INT_CONVERSION = YES;
				CLANG_WARN_NON_LITERAL_NULL_CONVERSION = YES;
				CLANG_WARN_OBJC_IMPLICIT_RETAIN_SELF = YES;
				CLANG_WARN_OBJC_LITERAL_CONVERSION = YES;
				CLANG_WARN_OBJC_ROOT_CLASS = YES_ERROR;
				CLANG_WARN_QUOTED_INCLUDE_IN_FRAMEWORK_HEADER = YES;
				CLANG_WARN_RANGE_LOOP_ANALYSIS = YES;
				CLANG_WARN_STRICT_PROTOTYPES = YES;
				CLANG_WARN_SUSPICIOUS_MOVE = YES;
				CLANG_WARN_UNGUARDED_AVAILABILITY = YES_AGGRESSIVE;
				CLANG_WARN_UNREACHABLE_CODE = YES;
				CLANG_WARN__DUPLICATE_METHOD_MATCH = YES;
				COPY_PHASE_STRIP = NO;
				DEBUG_INFORMATION_FORMAT = "dwarf-with-dsym";
				ENABLE_NS_ASSERTIONS = NO;
				ENABLE_STRICT_OBJC_MSGSEND = YES;
				GCC_C_LANGUAGE_STANDARD = gnu11;
				GCC_NO_COMMON_BLOCKS = YES;
				GCC_WARN_64_TO_32_BIT_CONVERSION = YES;
				GCC_WARN_ABOUT_RETURN_TYPE = YES_ERROR;
				GCC_WARN_UNDECLARED_SELECTOR = YES;
				GCC_WARN_UNINITIALIZED_AUTOS = YES_AGGRESSIVE;
				GCC_WARN_UNUSED_FUNCTION = YES;
				GCC_WARN_UNUSED_VARIABLE = YES;
				IPHONEOS_DEPLOYMENT_TARGET = 14.4;
				MTL_ENABLE_DEBUG_INFO = NO;
				MTL_FAST_MATH = YES;
				SDKROOT = iphoneos;
				SWIFT_COMPILATION_MODE = wholemodule;
				SWIFT_OPTIMIZATION_LEVEL = "-O";
				VALIDATE_PRODUCT = YES;
			};
			name = Release;
		};
		2DD138E12771A0D800FADA18 /* Debug */ = {
			isa = XCBuildConfiguration;
			buildSettings = {
				ASSETCATALOG_COMPILER_APPICON_NAME = AppIcon;
				ASSETCATALOG_COMPILER_GLOBAL_ACCENT_COLOR_NAME = AccentColor;
				CODE_SIGN_STYLE = Automatic;
				DEVELOPMENT_TEAM = 2Q8L7NR5T8;
				INFOPLIST_FILE = Hahas/Info.plist;
				LD_RUNPATH_SEARCH_PATHS = (
					"$(inherited)",
					"@executable_path/Frameworks",
				);
				PRODUCT_BUNDLE_IDENTIFIER = "-1111.Hahas";
				PRODUCT_NAME = "$(TARGET_NAME)";
				SWIFT_VERSION = 5.0;
				TARGETED_DEVICE_FAMILY = "1,2";
			};
			name = Debug;
		};
		2DD138E22771A0D800FADA18 /* Release */ = {
			isa = XCBuildConfiguration;
			buildSettings = {
				ASSETCATALOG_COMPILER_APPICON_NAME = AppIcon;
				ASSETCATALOG_COMPILER_GLOBAL_ACCENT_COLOR_NAME = AccentColor;
				CODE_SIGN_STYLE = Automatic;
				DEVELOPMENT_TEAM = 2Q8L7NR5T8;
				INFOPLIST_FILE = Hahas/Info.plist;
				LD_RUNPATH_SEARCH_PATHS = (
					"$(inherited)",
					"@executable_path/Frameworks",
				);
				PRODUCT_BUNDLE_IDENTIFIER = "-1111.Hahas";
				PRODUCT_NAME = "$(TARGET_NAME)";
				SWIFT_VERSION = 5.0;
				TARGETED_DEVICE_FAMILY = "1,2";
			};
			name = Release;
		};
		2DD138E42771A0D800FADA18 /* Debug */ = {
			isa = XCBuildConfiguration;
			buildSettings = {
				ALWAYS_EMBED_SWIFT_STANDARD_LIBRARIES = YES;
				BUNDLE_LOADER = "$(TEST_HOST)";
				CODE_SIGN_STYLE = Automatic;
				DEVELOPMENT_TEAM = 2Q8L7NR5T8;
				INFOPLIST_FILE = HahasTests/Info.plist;
				IPHONEOS_DEPLOYMENT_TARGET = 14.4;
				LD_RUNPATH_SEARCH_PATHS = (
					"$(inherited)",
					"@executable_path/Frameworks",
					"@loader_path/Frameworks",
				);
				PRODUCT_BUNDLE_IDENTIFIER = "-1111.HahasTests";
				PRODUCT_NAME = "$(TARGET_NAME)";
				SWIFT_VERSION = 5.0;
				TARGETED_DEVICE_FAMILY = "1,2";
				TEST_HOST = "$(BUILT_PRODUCTS_DIR)/Hahas.app/Hahas";
			};
			name = Debug;
		};
		2DD138E52771A0D800FADA18 /* Release */ = {
			isa = XCBuildConfiguration;
			buildSettings = {
				ALWAYS_EMBED_SWIFT_STANDARD_LIBRARIES = YES;
				BUNDLE_LOADER = "$(TEST_HOST)";
				CODE_SIGN_STYLE = Automatic;
				DEVELOPMENT_TEAM = 2Q8L7NR5T8;
				INFOPLIST_FILE = HahasTests/Info.plist;
				IPHONEOS_DEPLOYMENT_TARGET = 14.4;
				LD_RUNPATH_SEARCH_PATHS = (
					"$(inherited)",
					"@executable_path/Frameworks",
					"@loader_path/Frameworks",
				);
				PRODUCT_BUNDLE_IDENTIFIER = "-1111.HahasTests";
				PRODUCT_NAME = "$(TARGET_NAME)";
				SWIFT_VERSION = 5.0;
				TARGETED_DEVICE_FAMILY = "1,2";
				TEST_HOST = "$(BUILT_PRODUCTS_DIR)/Hahas.app/Hahas";
			};
			name = Release;
		};
		2DD138E72771A0D800FADA18 /* Debug */ = {
			isa = XCBuildConfiguration;
			buildSettings = {
				ALWAYS_EMBED_SWIFT_STANDARD_LIBRARIES = YES;
				CODE_SIGN_STYLE = Automatic;
				DEVELOPMENT_TEAM = 2Q8L7NR5T8;
				INFOPLIST_FILE = HahasUITests/Info.plist;
				LD_RUNPATH_SEARCH_PATHS = (
					"$(inherited)",
					"@executable_path/Frameworks",
					"@loader_path/Frameworks",
				);
				PRODUCT_BUNDLE_IDENTIFIER = "-1111.HahasUITests";
				PRODUCT_NAME = "$(TARGET_NAME)";
				SWIFT_VERSION = 5.0;
				TARGETED_DEVICE_FAMILY = "1,2";
				TEST_TARGET_NAME = Hahas;
			};
			name = Debug;
		};
		2DD138E82771A0D800FADA18 /* Release */ = {
			isa = XCBuildConfiguration;
			buildSettings = {
				ALWAYS_EMBED_SWIFT_STANDARD_LIBRARIES = YES;
				CODE_SIGN_STYLE = Automatic;
				DEVELOPMENT_TEAM = 2Q8L7NR5T8;
				INFOPLIST_FILE = HahasUITests/Info.plist;
				LD_RUNPATH_SEARCH_PATHS = (
					"$(inherited)",
					"@executable_path/Frameworks",
					"@loader_path/Frameworks",
				);
				PRODUCT_BUNDLE_IDENTIFIER = "-1111.HahasUITests";
				PRODUCT_NAME = "$(TARGET_NAME)";
				SWIFT_VERSION = 5.0;
				TARGETED_DEVICE_FAMILY = "1,2";
				TEST_TARGET_NAME = Hahas;
			};
			name = Release;
		};
/* End XCBuildConfiguration section */

/* Begin XCConfigurationList section */
		2DD138B12771A0D700FADA18 /* Build configuration list for PBXProject "Hahas" */ = {
			isa = XCConfigurationList;
			buildConfigurations = (
				2DD138DE2771A0D800FADA18 /* Debug */,
				2DD138DF2771A0D800FADA18 /* Release */,
			);
			defaultConfigurationIsVisible = 0;
			defaultConfigurationName = Release;
		};
		2DD138E02771A0D800FADA18 /* Build configuration list for PBXNativeTarget "Hahas" */ = {
			isa = XCConfigurationList;
			buildConfigurations = (
				2DD138E12771A0D800FADA18 /* Debug */,
				2DD138E22771A0D800FADA18 /* Release */,
			);
			defaultConfigurationIsVisible = 0;
			defaultConfigurationName = Release;
		};
		2DD138E32771A0D800FADA18 /* Build configuration list for PBXNativeTarget "HahasTests" */ = {
			isa = XCConfigurationList;
			buildConfigurations = (
				2DD138E42771A0D800FADA18 /* Debug */,
				2DD138E52771A0D800FADA18 /* Release */,
			);
			defaultConfigurationIsVisible = 0;
			defaultConfigurationName = Release;
		};
		2DD138E62771A0D800FADA18 /* Build configuration list for PBXNativeTarget "HahasUITests" */ = {
			isa = XCConfigurationList;
			buildConfigurations = (
				2DD138E72771A0D800FADA18 /* Debug */,
				2DD138E82771A0D800FADA18 /* Release */,
			);
			defaultConfigurationIsVisible = 0;
			defaultConfigurationName = Release;
		};
/* End XCConfigurationList section */
	};
	rootObject = 2DD138AE2771A0D700FADA18 /* Project object */;
}
